// !$*UTF8*$!
{
	archiveVersion = 1;
	classes = {
	};
	objectVersion = 55;
	objects = {

/* Begin PBXBuildFile section */
		27DC775628044E14002089BB /* AppDelegate.swift in Sources */ = {isa = PBXBuildFile; fileRef = 27DC775528044E14002089BB /* AppDelegate.swift */; };
		27DC775828044E14002089BB /* SceneDelegate.swift in Sources */ = {isa = PBXBuildFile; fileRef = 27DC775728044E14002089BB /* SceneDelegate.swift */; };
		27DC775A28044E14002089BB /* ViewController.swift in Sources */ = {isa = PBXBuildFile; fileRef = 27DC775928044E14002089BB /* ViewController.swift */; };
		27DC775D28044E14002089BB /* Main.storyboard in Resources */ = {isa = PBXBuildFile; fileRef = 27DC775B28044E14002089BB /* Main.storyboard */; };
		27DC775F28044E16002089BB /* Assets.xcassets in Resources */ = {isa = PBXBuildFile; fileRef = 27DC775E28044E16002089BB /* Assets.xcassets */; };
		27DC776228044E16002089BB /* LaunchScreen.storyboard in Resources */ = {isa = PBXBuildFile; fileRef = 27DC776028044E16002089BB /* LaunchScreen.storyboard */; };
		27DC776D28044E16002089BB /* HeroLoaderiOSTests.swift in Sources */ = {isa = PBXBuildFile; fileRef = 27DC776C28044E16002089BB /* HeroLoaderiOSTests.swift */; };
		27DC777728044E16002089BB /* HeroLoaderiOSUITests.swift in Sources */ = {isa = PBXBuildFile; fileRef = 27DC777628044E16002089BB /* HeroLoaderiOSUITests.swift */; };
		27DC777928044E16002089BB /* HeroLoaderiOSUITestsLaunchTests.swift in Sources */ = {isa = PBXBuildFile; fileRef = 27DC777828044E16002089BB /* HeroLoaderiOSUITestsLaunchTests.swift */; };
		27DC778A28044E85002089BB /* PresentableHeroStat.swift in Sources */ = {isa = PBXBuildFile; fileRef = 27DC778928044E85002089BB /* PresentableHeroStat.swift */; };
		27DC779828044EAD002089BB /* HeroLoader.framework in Frameworks */ = {isa = PBXBuildFile; fileRef = 27DC779028044EAC002089BB /* HeroLoader.framework */; };
		27DC779D28044EAD002089BB /* HeroLoaderTests.swift in Sources */ = {isa = PBXBuildFile; fileRef = 27DC779C28044EAD002089BB /* HeroLoaderTests.swift */; };
		27DC779E28044EAD002089BB /* HeroLoader.h in Headers */ = {isa = PBXBuildFile; fileRef = 27DC779228044EAC002089BB /* HeroLoader.h */; settings = {ATTRIBUTES = (Public, ); }; };
		27DC77A628044EB6002089BB /* API.swift in Sources */ = {isa = PBXBuildFile; fileRef = 27DC77A528044EB6002089BB /* API.swift */; };
		27DC77A828044EC4002089BB /* HeroStats.swift in Sources */ = {isa = PBXBuildFile; fileRef = 27DC77A728044EC4002089BB /* HeroStats.swift */; };
		27DC77AA28044EDA002089BB /* URLSessionAPI.swift in Sources */ = {isa = PBXBuildFile; fileRef = 27DC77A928044EDA002089BB /* URLSessionAPI.swift */; };
		27DC77AC28044EEC002089BB /* ViewModel.swift in Sources */ = {isa = PBXBuildFile; fileRef = 27DC77AB28044EEC002089BB /* ViewModel.swift */; };
/* End PBXBuildFile section */

/* Begin PBXContainerItemProxy section */
		27DC776928044E16002089BB /* PBXContainerItemProxy */ = {
			isa = PBXContainerItemProxy;
			containerPortal = 27DC774A28044E14002089BB /* Project object */;
			proxyType = 1;
			remoteGlobalIDString = 27DC775128044E14002089BB;
			remoteInfo = HeroLoaderiOS;
		};
		27DC777328044E16002089BB /* PBXContainerItemProxy */ = {
			isa = PBXContainerItemProxy;
			containerPortal = 27DC774A28044E14002089BB /* Project object */;
			proxyType = 1;
			remoteGlobalIDString = 27DC775128044E14002089BB;
			remoteInfo = HeroLoaderiOS;
		};
		27DC779928044EAD002089BB /* PBXContainerItemProxy */ = {
			isa = PBXContainerItemProxy;
			containerPortal = 27DC774A28044E14002089BB /* Project object */;
			proxyType = 1;
			remoteGlobalIDString = 27DC778F28044EAC002089BB;
			remoteInfo = HeroLoader;
		};
/* End PBXContainerItemProxy section */

/* Begin PBXFileReference section */
		27DC775228044E14002089BB /* HeroLoaderiOS.app */ = {isa = PBXFileReference; explicitFileType = wrapper.application; includeInIndex = 0; path = HeroLoaderiOS.app; sourceTree = BUILT_PRODUCTS_DIR; };
		27DC775528044E14002089BB /* AppDelegate.swift */ = {isa = PBXFileReference; lastKnownFileType = sourcecode.swift; path = AppDelegate.swift; sourceTree = "<group>"; };
		27DC775728044E14002089BB /* SceneDelegate.swift */ = {isa = PBXFileReference; lastKnownFileType = sourcecode.swift; path = SceneDelegate.swift; sourceTree = "<group>"; };
		27DC775928044E14002089BB /* ViewController.swift */ = {isa = PBXFileReference; lastKnownFileType = sourcecode.swift; path = ViewController.swift; sourceTree = "<group>"; };
		27DC775C28044E14002089BB /* Base */ = {isa = PBXFileReference; lastKnownFileType = file.storyboard; name = Base; path = Base.lproj/Main.storyboard; sourceTree = "<group>"; };
		27DC775E28044E16002089BB /* Assets.xcassets */ = {isa = PBXFileReference; lastKnownFileType = folder.assetcatalog; path = Assets.xcassets; sourceTree = "<group>"; };
		27DC776128044E16002089BB /* Base */ = {isa = PBXFileReference; lastKnownFileType = file.storyboard; name = Base; path = Base.lproj/LaunchScreen.storyboard; sourceTree = "<group>"; };
		27DC776328044E16002089BB /* Info.plist */ = {isa = PBXFileReference; lastKnownFileType = text.plist.xml; path = Info.plist; sourceTree = "<group>"; };
		27DC776828044E16002089BB /* HeroLoaderiOSTests.xctest */ = {isa = PBXFileReference; explicitFileType = wrapper.cfbundle; includeInIndex = 0; path = HeroLoaderiOSTests.xctest; sourceTree = BUILT_PRODUCTS_DIR; };
		27DC776C28044E16002089BB /* HeroLoaderiOSTests.swift */ = {isa = PBXFileReference; lastKnownFileType = sourcecode.swift; path = HeroLoaderiOSTests.swift; sourceTree = "<group>"; };
		27DC777228044E16002089BB /* HeroLoaderiOSUITests.xctest */ = {isa = PBXFileReference; explicitFileType = wrapper.cfbundle; includeInIndex = 0; path = HeroLoaderiOSUITests.xctest; sourceTree = BUILT_PRODUCTS_DIR; };
		27DC777628044E16002089BB /* HeroLoaderiOSUITests.swift */ = {isa = PBXFileReference; lastKnownFileType = sourcecode.swift; path = HeroLoaderiOSUITests.swift; sourceTree = "<group>"; };
		27DC777828044E16002089BB /* HeroLoaderiOSUITestsLaunchTests.swift */ = {isa = PBXFileReference; lastKnownFileType = sourcecode.swift; path = HeroLoaderiOSUITestsLaunchTests.swift; sourceTree = "<group>"; };
		27DC778928044E85002089BB /* PresentableHeroStat.swift */ = {isa = PBXFileReference; lastKnownFileType = sourcecode.swift; path = PresentableHeroStat.swift; sourceTree = "<group>"; };
		27DC779028044EAC002089BB /* HeroLoader.framework */ = {isa = PBXFileReference; explicitFileType = wrapper.framework; includeInIndex = 0; path = HeroLoader.framework; sourceTree = BUILT_PRODUCTS_DIR; };
		27DC779228044EAC002089BB /* HeroLoader.h */ = {isa = PBXFileReference; lastKnownFileType = sourcecode.c.h; path = HeroLoader.h; sourceTree = "<group>"; };
		27DC779728044EAD002089BB /* HeroLoaderTests.xctest */ = {isa = PBXFileReference; explicitFileType = wrapper.cfbundle; includeInIndex = 0; path = HeroLoaderTests.xctest; sourceTree = BUILT_PRODUCTS_DIR; };
		27DC779C28044EAD002089BB /* HeroLoaderTests.swift */ = {isa = PBXFileReference; lastKnownFileType = sourcecode.swift; path = HeroLoaderTests.swift; sourceTree = "<group>"; };
		27DC77A528044EB6002089BB /* API.swift */ = {isa = PBXFileReference; lastKnownFileType = sourcecode.swift; path = API.swift; sourceTree = "<group>"; };
		27DC77A728044EC4002089BB /* HeroStats.swift */ = {isa = PBXFileReference; lastKnownFileType = sourcecode.swift; path = HeroStats.swift; sourceTree = "<group>"; };
		27DC77A928044EDA002089BB /* URLSessionAPI.swift */ = {isa = PBXFileReference; lastKnownFileType = sourcecode.swift; path = URLSessionAPI.swift; sourceTree = "<group>"; };
		27DC77AB28044EEC002089BB /* ViewModel.swift */ = {isa = PBXFileReference; lastKnownFileType = sourcecode.swift; path = ViewModel.swift; sourceTree = "<group>"; };
/* End PBXFileReference section */

/* Begin PBXFrameworksBuildPhase section */
		27DC774F28044E14002089BB /* Frameworks */ = {
			isa = PBXFrameworksBuildPhase;
			buildActionMask = 2147483647;
			files = (
			);
			runOnlyForDeploymentPostprocessing = 0;
		};
		27DC776528044E16002089BB /* Frameworks */ = {
			isa = PBXFrameworksBuildPhase;
			buildActionMask = 2147483647;
			files = (
			);
			runOnlyForDeploymentPostprocessing = 0;
		};
		27DC776F28044E16002089BB /* Frameworks */ = {
			isa = PBXFrameworksBuildPhase;
			buildActionMask = 2147483647;
			files = (
			);
			runOnlyForDeploymentPostprocessing = 0;
		};
		27DC778D28044EAC002089BB /* Frameworks */ = {
			isa = PBXFrameworksBuildPhase;
			buildActionMask = 2147483647;
			files = (
			);
			runOnlyForDeploymentPostprocessing = 0;
		};
		27DC779428044EAD002089BB /* Frameworks */ = {
			isa = PBXFrameworksBuildPhase;
			buildActionMask = 2147483647;
			files = (
				27DC779828044EAD002089BB /* HeroLoader.framework in Frameworks */,
			);
			runOnlyForDeploymentPostprocessing = 0;
		};
/* End PBXFrameworksBuildPhase section */

/* Begin PBXGroup section */
		27DC774928044E14002089BB = {
			isa = PBXGroup;
			children = (
				27DC775428044E14002089BB /* HeroLoaderiOS */,
				27DC776B28044E16002089BB /* HeroLoaderiOSTests */,
				27DC777528044E16002089BB /* HeroLoaderiOSUITests */,
				27DC779128044EAC002089BB /* HeroLoader */,
				27DC779B28044EAD002089BB /* HeroLoaderTests */,
				27DC775328044E14002089BB /* Products */,
			);
			sourceTree = "<group>";
		};
		27DC775328044E14002089BB /* Products */ = {
			isa = PBXGroup;
			children = (
				27DC775228044E14002089BB /* HeroLoaderiOS.app */,
				27DC776828044E16002089BB /* HeroLoaderiOSTests.xctest */,
				27DC777228044E16002089BB /* HeroLoaderiOSUITests.xctest */,
				27DC779028044EAC002089BB /* HeroLoader.framework */,
				27DC779728044EAD002089BB /* HeroLoaderTests.xctest */,
			);
			name = Products;
			sourceTree = "<group>";
		};
		27DC775428044E14002089BB /* HeroLoaderiOS */ = {
			isa = PBXGroup;
			children = (
				27DC775528044E14002089BB /* AppDelegate.swift */,
				27DC775728044E14002089BB /* SceneDelegate.swift */,
				27DC775928044E14002089BB /* ViewController.swift */,
				27DC778928044E85002089BB /* PresentableHeroStat.swift */,
				27DC775B28044E14002089BB /* Main.storyboard */,
				27DC775E28044E16002089BB /* Assets.xcassets */,
				27DC776028044E16002089BB /* LaunchScreen.storyboard */,
				27DC776328044E16002089BB /* Info.plist */,
			);
			path = HeroLoaderiOS;
			sourceTree = "<group>";
		};
		27DC776B28044E16002089BB /* HeroLoaderiOSTests */ = {
			isa = PBXGroup;
			children = (
				27DC776C28044E16002089BB /* HeroLoaderiOSTests.swift */,
			);
			path = HeroLoaderiOSTests;
			sourceTree = "<group>";
		};
		27DC777528044E16002089BB /* HeroLoaderiOSUITests */ = {
			isa = PBXGroup;
			children = (
				27DC777628044E16002089BB /* HeroLoaderiOSUITests.swift */,
				27DC777828044E16002089BB /* HeroLoaderiOSUITestsLaunchTests.swift */,
			);
			path = HeroLoaderiOSUITests;
			sourceTree = "<group>";
		};
		27DC779128044EAC002089BB /* HeroLoader */ = {
			isa = PBXGroup;
			children = (
				27DC779228044EAC002089BB /* HeroLoader.h */,
				27DC77A528044EB6002089BB /* API.swift */,
				27DC77A728044EC4002089BB /* HeroStats.swift */,
				27DC77A928044EDA002089BB /* URLSessionAPI.swift */,
				27DC77AB28044EEC002089BB /* ViewModel.swift */,
			);
			path = HeroLoader;
			sourceTree = "<group>";
		};
		27DC779B28044EAD002089BB /* HeroLoaderTests */ = {
			isa = PBXGroup;
			children = (
				27DC779C28044EAD002089BB /* HeroLoaderTests.swift */,
			);
			path = HeroLoaderTests;
			sourceTree = "<group>";
		};
/* End PBXGroup section */

/* Begin PBXHeadersBuildPhase section */
		27DC778B28044EAC002089BB /* Headers */ = {
			isa = PBXHeadersBuildPhase;
			buildActionMask = 2147483647;
			files = (
				27DC779E28044EAD002089BB /* HeroLoader.h in Headers */,
			);
			runOnlyForDeploymentPostprocessing = 0;
		};
/* End PBXHeadersBuildPhase section */

/* Begin PBXNativeTarget section */
		27DC775128044E14002089BB /* HeroLoaderiOS */ = {
			isa = PBXNativeTarget;
			buildConfigurationList = 27DC777C28044E16002089BB /* Build configuration list for PBXNativeTarget "HeroLoaderiOS" */;
			buildPhases = (
				27DC774E28044E14002089BB /* Sources */,
				27DC774F28044E14002089BB /* Frameworks */,
				27DC775028044E14002089BB /* Resources */,
			);
			buildRules = (
			);
			dependencies = (
			);
			name = HeroLoaderiOS;
			productName = HeroLoaderiOS;
			productReference = 27DC775228044E14002089BB /* HeroLoaderiOS.app */;
			productType = "com.apple.product-type.application";
		};
		27DC776728044E16002089BB /* HeroLoaderiOSTests */ = {
			isa = PBXNativeTarget;
			buildConfigurationList = 27DC777F28044E16002089BB /* Build configuration list for PBXNativeTarget "HeroLoaderiOSTests" */;
			buildPhases = (
				27DC776428044E16002089BB /* Sources */,
				27DC776528044E16002089BB /* Frameworks */,
				27DC776628044E16002089BB /* Resources */,
			);
			buildRules = (
			);
			dependencies = (
				27DC776A28044E16002089BB /* PBXTargetDependency */,
			);
			name = HeroLoaderiOSTests;
			productName = HeroLoaderiOSTests;
			productReference = 27DC776828044E16002089BB /* HeroLoaderiOSTests.xctest */;
			productType = "com.apple.product-type.bundle.unit-test";
		};
		27DC777128044E16002089BB /* HeroLoaderiOSUITests */ = {
			isa = PBXNativeTarget;
			buildConfigurationList = 27DC778228044E16002089BB /* Build configuration list for PBXNativeTarget "HeroLoaderiOSUITests" */;
			buildPhases = (
				27DC776E28044E16002089BB /* Sources */,
				27DC776F28044E16002089BB /* Frameworks */,
				27DC777028044E16002089BB /* Resources */,
			);
			buildRules = (
			);
			dependencies = (
				27DC777428044E16002089BB /* PBXTargetDependency */,
			);
			name = HeroLoaderiOSUITests;
			productName = HeroLoaderiOSUITests;
			productReference = 27DC777228044E16002089BB /* HeroLoaderiOSUITests.xctest */;
			productType = "com.apple.product-type.bundle.ui-testing";
		};
		27DC778F28044EAC002089BB /* HeroLoader */ = {
			isa = PBXNativeTarget;
			buildConfigurationList = 27DC779F28044EAD002089BB /* Build configuration list for PBXNativeTarget "HeroLoader" */;
			buildPhases = (
				27DC778B28044EAC002089BB /* Headers */,
				27DC778C28044EAC002089BB /* Sources */,
				27DC778D28044EAC002089BB /* Frameworks */,
				27DC778E28044EAC002089BB /* Resources */,
			);
			buildRules = (
			);
			dependencies = (
			);
			name = HeroLoader;
			productName = HeroLoader;
			productReference = 27DC779028044EAC002089BB /* HeroLoader.framework */;
			productType = "com.apple.product-type.framework";
		};
		27DC779628044EAD002089BB /* HeroLoaderTests */ = {
			isa = PBXNativeTarget;
			buildConfigurationList = 27DC77A228044EAD002089BB /* Build configuration list for PBXNativeTarget "HeroLoaderTests" */;
			buildPhases = (
				27DC779328044EAD002089BB /* Sources */,
				27DC779428044EAD002089BB /* Frameworks */,
				27DC779528044EAD002089BB /* Resources */,
			);
			buildRules = (
			);
			dependencies = (
				27DC779A28044EAD002089BB /* PBXTargetDependency */,
			);
			name = HeroLoaderTests;
			productName = HeroLoaderTests;
			productReference = 27DC779728044EAD002089BB /* HeroLoaderTests.xctest */;
			productType = "com.apple.product-type.bundle.unit-test";
		};
/* End PBXNativeTarget section */

/* Begin PBXProject section */
		27DC774A28044E14002089BB /* Project object */ = {
			isa = PBXProject;
			attributes = {
				BuildIndependentTargetsInParallel = 1;
				LastSwiftUpdateCheck = 1330;
				LastUpgradeCheck = 1330;
				TargetAttributes = {
					27DC775128044E14002089BB = {
						CreatedOnToolsVersion = 13.3;
					};
					27DC776728044E16002089BB = {
						CreatedOnToolsVersion = 13.3;
						TestTargetID = 27DC775128044E14002089BB;
					};
					27DC777128044E16002089BB = {
						CreatedOnToolsVersion = 13.3;
						TestTargetID = 27DC775128044E14002089BB;
					};
					27DC778F28044EAC002089BB = {
						CreatedOnToolsVersion = 13.3;
						LastSwiftMigration = 1330;
					};
					27DC779628044EAD002089BB = {
						CreatedOnToolsVersion = 13.3;
					};
				};
			};
			buildConfigurationList = 27DC774D28044E14002089BB /* Build configuration list for PBXProject "HeroLoaderiOS" */;
			compatibilityVersion = "Xcode 13.0";
			developmentRegion = en;
			hasScannedForEncodings = 0;
			knownRegions = (
				en,
				Base,
			);
			mainGroup = 27DC774928044E14002089BB;
			productRefGroup = 27DC775328044E14002089BB /* Products */;
			projectDirPath = "";
			projectRoot = "";
			targets = (
				27DC775128044E14002089BB /* HeroLoaderiOS */,
				27DC776728044E16002089BB /* HeroLoaderiOSTests */,
				27DC777128044E16002089BB /* HeroLoaderiOSUITests */,
				27DC778F28044EAC002089BB /* HeroLoader */,
				27DC779628044EAD002089BB /* HeroLoaderTests */,
			);
		};
/* End PBXProject section */

/* Begin PBXResourcesBuildPhase section */
		27DC775028044E14002089BB /* Resources */ = {
			isa = PBXResourcesBuildPhase;
			buildActionMask = 2147483647;
			files = (
				27DC776228044E16002089BB /* LaunchScreen.storyboard in Resources */,
				27DC775F28044E16002089BB /* Assets.xcassets in Resources */,
				27DC775D28044E14002089BB /* Main.storyboard in Resources */,
			);
			runOnlyForDeploymentPostprocessing = 0;
		};
		27DC776628044E16002089BB /* Resources */ = {
			isa = PBXResourcesBuildPhase;
			buildActionMask = 2147483647;
			files = (
			);
			runOnlyForDeploymentPostprocessing = 0;
		};
		27DC777028044E16002089BB /* Resources */ = {
			isa = PBXResourcesBuildPhase;
			buildActionMask = 2147483647;
			files = (
			);
			runOnlyForDeploymentPostprocessing = 0;
		};
		27DC778E28044EAC002089BB /* Resources */ = {
			isa = PBXResourcesBuildPhase;
			buildActionMask = 2147483647;
			files = (
			);
			runOnlyForDeploymentPostprocessing = 0;
		};
		27DC779528044EAD002089BB /* Resources */ = {
			isa = PBXResourcesBuildPhase;
			buildActionMask = 2147483647;
			files = (
			);
			runOnlyForDeploymentPostprocessing = 0;
		};
/* End PBXResourcesBuildPhase section */

/* Begin PBXSourcesBuildPhase section */
		27DC774E28044E14002089BB /* Sources */ = {
			isa = PBXSourcesBuildPhase;
			buildActionMask = 2147483647;
			files = (
				27DC775A28044E14002089BB /* ViewController.swift in Sources */,
				27DC775628044E14002089BB /* AppDelegate.swift in Sources */,
				27DC775828044E14002089BB /* SceneDelegate.swift in Sources */,
				27DC778A28044E85002089BB /* PresentableHeroStat.swift in Sources */,
			);
			runOnlyForDeploymentPostprocessing = 0;
		};
		27DC776428044E16002089BB /* Sources */ = {
			isa = PBXSourcesBuildPhase;
			buildActionMask = 2147483647;
			files = (
				27DC776D28044E16002089BB /* HeroLoaderiOSTests.swift in Sources */,
			);
			runOnlyForDeploymentPostprocessing = 0;
		};
		27DC776E28044E16002089BB /* Sources */ = {
			isa = PBXSourcesBuildPhase;
			buildActionMask = 2147483647;
			files = (
				27DC777728044E16002089BB /* HeroLoaderiOSUITests.swift in Sources */,
				27DC777928044E16002089BB /* HeroLoaderiOSUITestsLaunchTests.swift in Sources */,
			);
			runOnlyForDeploymentPostprocessing = 0;
		};
		27DC778C28044EAC002089BB /* Sources */ = {
			isa = PBXSourcesBuildPhase;
			buildActionMask = 2147483647;
			files = (
				27DC77A628044EB6002089BB /* API.swift in Sources */,
				27DC77A828044EC4002089BB /* HeroStats.swift in Sources */,
				27DC77AC28044EEC002089BB /* ViewModel.swift in Sources */,
				27DC77AA28044EDA002089BB /* URLSessionAPI.swift in Sources */,
			);
			runOnlyForDeploymentPostprocessing = 0;
		};
		27DC779328044EAD002089BB /* Sources */ = {
			isa = PBXSourcesBuildPhase;
			buildActionMask = 2147483647;
			files = (
				27DC779D28044EAD002089BB /* HeroLoaderTests.swift in Sources */,
			);
			runOnlyForDeploymentPostprocessing = 0;
		};
/* End PBXSourcesBuildPhase section */

/* Begin PBXTargetDependency section */
		27DC776A28044E16002089BB /* PBXTargetDependency */ = {
			isa = PBXTargetDependency;
			target = 27DC775128044E14002089BB /* HeroLoaderiOS */;
			targetProxy = 27DC776928044E16002089BB /* PBXContainerItemProxy */;
		};
		27DC777428044E16002089BB /* PBXTargetDependency */ = {
			isa = PBXTargetDependency;
			target = 27DC775128044E14002089BB /* HeroLoaderiOS */;
			targetProxy = 27DC777328044E16002089BB /* PBXContainerItemProxy */;
		};
		27DC779A28044EAD002089BB /* PBXTargetDependency */ = {
			isa = PBXTargetDependency;
			target = 27DC778F28044EAC002089BB /* HeroLoader */;
			targetProxy = 27DC779928044EAD002089BB /* PBXContainerItemProxy */;
		};
/* End PBXTargetDependency section */

/* Begin PBXVariantGroup section */
		27DC775B28044E14002089BB /* Main.storyboard */ = {
			isa = PBXVariantGroup;
			children = (
				27DC775C28044E14002089BB /* Base */,
			);
			name = Main.storyboard;
			sourceTree = "<group>";
		};
		27DC776028044E16002089BB /* LaunchScreen.storyboard */ = {
			isa = PBXVariantGroup;
			children = (
				27DC776128044E16002089BB /* Base */,
			);
			name = LaunchScreen.storyboard;
			sourceTree = "<group>";
		};
/* End PBXVariantGroup section */

/* Begin XCBuildConfiguration section */
		27DC777A28044E16002089BB /* Debug */ = {
			isa = XCBuildConfiguration;
			buildSettings = {
				ALWAYS_SEARCH_USER_PATHS = NO;
				CLANG_ANALYZER_NONNULL = YES;
				CLANG_ANALYZER_NUMBER_OBJECT_CONVERSION = YES_AGGRESSIVE;
				CLANG_CXX_LANGUAGE_STANDARD = "gnu++17";
				CLANG_ENABLE_MODULES = YES;
				CLANG_ENABLE_OBJC_ARC = YES;
				CLANG_ENABLE_OBJC_WEAK = YES;
				CLANG_WARN_BLOCK_CAPTURE_AUTORELEASING = YES;
				CLANG_WARN_BOOL_CONVERSION = YES;
				CLANG_WARN_COMMA = YES;
				CLANG_WARN_CONSTANT_CONVERSION = YES;
				CLANG_WARN_DEPRECATED_OBJC_IMPLEMENTATIONS = YES;
				CLANG_WARN_DIRECT_OBJC_ISA_USAGE = YES_ERROR;
				CLANG_WARN_DOCUMENTATION_COMMENTS = YES;
				CLANG_WARN_EMPTY_BODY = YES;
				CLANG_WARN_ENUM_CONVERSION = YES;
				CLANG_WARN_INFINITE_RECURSION = YES;
				CLANG_WARN_INT_CONVERSION = YES;
				CLANG_WARN_NON_LITERAL_NULL_CONVERSION = YES;
				CLANG_WARN_OBJC_IMPLICIT_RETAIN_SELF = YES;
				CLANG_WARN_OBJC_LITERAL_CONVERSION = YES;
				CLANG_WARN_OBJC_ROOT_CLASS = YES_ERROR;
				CLANG_WARN_QUOTED_INCLUDE_IN_FRAMEWORK_HEADER = YES;
				CLANG_WARN_RANGE_LOOP_ANALYSIS = YES;
				CLANG_WARN_STRICT_PROTOTYPES = YES;
				CLANG_WARN_SUSPICIOUS_MOVE = YES;
				CLANG_WARN_UNGUARDED_AVAILABILITY = YES_AGGRESSIVE;
				CLANG_WARN_UNREACHABLE_CODE = YES;
				CLANG_WARN__DUPLICATE_METHOD_MATCH = YES;
				COPY_PHASE_STRIP = NO;
				DEBUG_INFORMATION_FORMAT = dwarf;
				ENABLE_STRICT_OBJC_MSGSEND = YES;
				ENABLE_TESTABILITY = YES;
				GCC_C_LANGUAGE_STANDARD = gnu11;
				GCC_DYNAMIC_NO_PIC = NO;
				GCC_NO_COMMON_BLOCKS = YES;
				GCC_OPTIMIZATION_LEVEL = 0;
				GCC_PREPROCESSOR_DEFINITIONS = (
					"DEBUG=1",
					"$(inherited)",
				);
				GCC_WARN_64_TO_32_BIT_CONVERSION = YES;
				GCC_WARN_ABOUT_RETURN_TYPE = YES_ERROR;
				GCC_WARN_UNDECLARED_SELECTOR = YES;
				GCC_WARN_UNINITIALIZED_AUTOS = YES_AGGRESSIVE;
				GCC_WARN_UNUSED_FUNCTION = YES;
				GCC_WARN_UNUSED_VARIABLE = YES;
				IPHONEOS_DEPLOYMENT_TARGET = 15.4;
				MTL_ENABLE_DEBUG_INFO = INCLUDE_SOURCE;
				MTL_FAST_MATH = YES;
				ONLY_ACTIVE_ARCH = YES;
				SDKROOT = iphoneos;
				SWIFT_ACTIVE_COMPILATION_CONDITIONS = DEBUG;
				SWIFT_OPTIMIZATION_LEVEL = "-Onone";
			};
			name = Debug;
		};
		27DC777B28044E16002089BB /* Release */ = {
			isa = XCBuildConfiguration;
			buildSettings = {
				ALWAYS_SEARCH_USER_PATHS = NO;
				CLANG_ANALYZER_NONNULL = YES;
				CLANG_ANALYZER_NUMBER_OBJECT_CONVERSION = YES_AGGRESSIVE;
				CLANG_CXX_LANGUAGE_STANDARD = "gnu++17";
				CLANG_ENABLE_MODULES = YES;
				CLANG_ENABLE_OBJC_ARC = YES;
				CLANG_ENABLE_OBJC_WEAK = YES;
				CLANG_WARN_BLOCK_CAPTURE_AUTORELEASING = YES;
				CLANG_WARN_BOOL_CONVERSION = YES;
				CLANG_WARN_COMMA = YES;
				CLANG_WARN_CONSTANT_CONVERSION = YES;
				CLANG_WARN_DEPRECATED_OBJC_IMPLEMENTATIONS = YES;
				CLANG_WARN_DIRECT_OBJC_ISA_USAGE = YES_ERROR;
				CLANG_WARN_DOCUMENTATION_COMMENTS = YES;
				CLANG_WARN_EMPTY_BODY = YES;
				CLANG_WARN_ENUM_CONVERSION = YES;
				CLANG_WARN_INFINITE_RECURSION = YES;
				CLANG_WARN_INT_CONVERSION = YES;
				CLANG_WARN_NON_LITERAL_NULL_CONVERSION = YES;
				CLANG_WARN_OBJC_IMPLICIT_RETAIN_SELF = YES;
				CLANG_WARN_OBJC_LITERAL_CONVERSION = YES;
				CLANG_WARN_OBJC_ROOT_CLASS = YES_ERROR;
				CLANG_WARN_QUOTED_INCLUDE_IN_FRAMEWORK_HEADER = YES;
				CLANG_WARN_RANGE_LOOP_ANALYSIS = YES;
				CLANG_WARN_STRICT_PROTOTYPES = YES;
				CLANG_WARN_SUSPICIOUS_MOVE = YES;
				CLANG_WARN_UNGUARDED_AVAILABILITY = YES_AGGRESSIVE;
				CLANG_WARN_UNREACHABLE_CODE = YES;
				CLANG_WARN__DUPLICATE_METHOD_MATCH = YES;
				COPY_PHASE_STRIP = NO;
				DEBUG_INFORMATION_FORMAT = "dwarf-with-dsym";
				ENABLE_NS_ASSERTIONS = NO;
				ENABLE_STRICT_OBJC_MSGSEND = YES;
				GCC_C_LANGUAGE_STANDARD = gnu11;
				GCC_NO_COMMON_BLOCKS = YES;
				GCC_WARN_64_TO_32_BIT_CONVERSION = YES;
				GCC_WARN_ABOUT_RETURN_TYPE = YES_ERROR;
				GCC_WARN_UNDECLARED_SELECTOR = YES;
				GCC_WARN_UNINITIALIZED_AUTOS = YES_AGGRESSIVE;
				GCC_WARN_UNUSED_FUNCTION = YES;
				GCC_WARN_UNUSED_VARIABLE = YES;
				IPHONEOS_DEPLOYMENT_TARGET = 15.4;
				MTL_ENABLE_DEBUG_INFO = NO;
				MTL_FAST_MATH = YES;
				SDKROOT = iphoneos;
				SWIFT_COMPILATION_MODE = wholemodule;
				SWIFT_OPTIMIZATION_LEVEL = "-O";
				VALIDATE_PRODUCT = YES;
			};
			name = Release;
		};
		27DC777D28044E16002089BB /* Debug */ = {
			isa = XCBuildConfiguration;
			buildSettings = {
				ASSETCATALOG_COMPILER_APPICON_NAME = AppIcon;
				ASSETCATALOG_COMPILER_GLOBAL_ACCENT_COLOR_NAME = AccentColor;
				CODE_SIGN_STYLE = Automatic;
				CURRENT_PROJECT_VERSION = 1;
				DEVELOPMENT_TEAM = VL7L7BNB3W;
				GENERATE_INFOPLIST_FILE = YES;
				INFOPLIST_FILE = HeroLoaderiOS/Info.plist;
				INFOPLIST_KEY_UIApplicationSupportsIndirectInputEvents = YES;
				INFOPLIST_KEY_UILaunchStoryboardName = LaunchScreen;
				INFOPLIST_KEY_UIMainStoryboardFile = Main;
				INFOPLIST_KEY_UISupportedInterfaceOrientations_iPad = "UIInterfaceOrientationPortrait UIInterfaceOrientationPortraitUpsideDown UIInterfaceOrientationLandscapeLeft UIInterfaceOrientationLandscapeRight";
				INFOPLIST_KEY_UISupportedInterfaceOrientations_iPhone = "UIInterfaceOrientationPortrait UIInterfaceOrientationLandscapeLeft UIInterfaceOrientationLandscapeRight";
				LD_RUNPATH_SEARCH_PATHS = (
					"$(inherited)",
					"@executable_path/Frameworks",
				);
				MARKETING_VERSION = 1.0;
				PRODUCT_BUNDLE_IDENTIFIER = com.pavanpowani.HeroLoaderiOS;
				PRODUCT_NAME = "$(TARGET_NAME)";
				SWIFT_EMIT_LOC_STRINGS = YES;
				SWIFT_VERSION = 5.0;
				TARGETED_DEVICE_FAMILY = "1,2";
			};
			name = Debug;
		};
		27DC777E28044E16002089BB /* Release */ = {
			isa = XCBuildConfiguration;
			buildSettings = {
				ASSETCATALOG_COMPILER_APPICON_NAME = AppIcon;
				ASSETCATALOG_COMPILER_GLOBAL_ACCENT_COLOR_NAME = AccentColor;
				CODE_SIGN_STYLE = Automatic;
				CURRENT_PROJECT_VERSION = 1;
				DEVELOPMENT_TEAM = VL7L7BNB3W;
				GENERATE_INFOPLIST_FILE = YES;
				INFOPLIST_FILE = HeroLoaderiOS/Info.plist;
				INFOPLIST_KEY_UIApplicationSupportsIndirectInputEvents = YES;
				INFOPLIST_KEY_UILaunchStoryboardName = LaunchScreen;
				INFOPLIST_KEY_UIMainStoryboardFile = Main;
				INFOPLIST_KEY_UISupportedInterfaceOrientations_iPad = "UIInterfaceOrientationPortrait UIInterfaceOrientationPortraitUpsideDown UIInterfaceOrientationLandscapeLeft UIInterfaceOrientationLandscapeRight";
				INFOPLIST_KEY_UISupportedInterfaceOrientations_iPhone = "UIInterfaceOrientationPortrait UIInterfaceOrientationLandscapeLeft UIInterfaceOrientationLandscapeRight";
				LD_RUNPATH_SEARCH_PATHS = (
					"$(inherited)",
					"@executable_path/Frameworks",
				);
				MARKETING_VERSION = 1.0;
				PRODUCT_BUNDLE_IDENTIFIER = com.pavanpowani.HeroLoaderiOS;
				PRODUCT_NAME = "$(TARGET_NAME)";
				SWIFT_EMIT_LOC_STRINGS = YES;
				SWIFT_VERSION = 5.0;
				TARGETED_DEVICE_FAMILY = "1,2";
			};
			name = Release;
		};
		27DC778028044E16002089BB /* Debug */ = {
			isa = XCBuildConfiguration;
			buildSettings = {
				ALWAYS_EMBED_SWIFT_STANDARD_LIBRARIES = YES;
				BUNDLE_LOADER = "$(TEST_HOST)";
				CODE_SIGN_STYLE = Automatic;
				CURRENT_PROJECT_VERSION = 1;
				DEVELOPMENT_TEAM = VL7L7BNB3W;
				GENERATE_INFOPLIST_FILE = YES;
				IPHONEOS_DEPLOYMENT_TARGET = 15.4;
				MARKETING_VERSION = 1.0;
				PRODUCT_BUNDLE_IDENTIFIER = com.pavanpowani.HeroLoaderiOSTests;
				PRODUCT_NAME = "$(TARGET_NAME)";
				SWIFT_EMIT_LOC_STRINGS = NO;
				SWIFT_VERSION = 5.0;
				TARGETED_DEVICE_FAMILY = "1,2";
				TEST_HOST = "$(BUILT_PRODUCTS_DIR)/HeroLoaderiOS.app/HeroLoaderiOS";
			};
			name = Debug;
		};
		27DC778128044E16002089BB /* Release */ = {
			isa = XCBuildConfiguration;
			buildSettings = {
				ALWAYS_EMBED_SWIFT_STANDARD_LIBRARIES = YES;
				BUNDLE_LOADER = "$(TEST_HOST)";
				CODE_SIGN_STYLE = Automatic;
				CURRENT_PROJECT_VERSION = 1;
				DEVELOPMENT_TEAM = VL7L7BNB3W;
				GENERATE_INFOPLIST_FILE = YES;
				IPHONEOS_DEPLOYMENT_TARGET = 15.4;
				MARKETING_VERSION = 1.0;
				PRODUCT_BUNDLE_IDENTIFIER = com.pavanpowani.HeroLoaderiOSTests;
				PRODUCT_NAME = "$(TARGET_NAME)";
				SWIFT_EMIT_LOC_STRINGS = NO;
				SWIFT_VERSION = 5.0;
				TARGETED_DEVICE_FAMILY = "1,2";
				TEST_HOST = "$(BUILT_PRODUCTS_DIR)/HeroLoaderiOS.app/HeroLoaderiOS";
			};
			name = Release;
		};
		27DC778328044E16002089BB /* Debug */ = {
			isa = XCBuildConfiguration;
			buildSettings = {
				ALWAYS_EMBED_SWIFT_STANDARD_LIBRARIES = YES;
				CODE_SIGN_STYLE = Automatic;
				CURRENT_PROJECT_VERSION = 1;
				DEVELOPMENT_TEAM = VL7L7BNB3W;
				GENERATE_INFOPLIST_FILE = YES;
				MARKETING_VERSION = 1.0;
				PRODUCT_BUNDLE_IDENTIFIER = com.pavanpowani.HeroLoaderiOSUITests;
				PRODUCT_NAME = "$(TARGET_NAME)";
				SWIFT_EMIT_LOC_STRINGS = NO;
				SWIFT_VERSION = 5.0;
				TARGETED_DEVICE_FAMILY = "1,2";
				TEST_TARGET_NAME = HeroLoaderiOS;
			};
			name = Debug;
		};
		27DC778428044E16002089BB /* Release */ = {
			isa = XCBuildConfiguration;
			buildSettings = {
				ALWAYS_EMBED_SWIFT_STANDARD_LIBRARIES = YES;
				CODE_SIGN_STYLE = Automatic;
				CURRENT_PROJECT_VERSION = 1;
				DEVELOPMENT_TEAM = VL7L7BNB3W;
				GENERATE_INFOPLIST_FILE = YES;
				MARKETING_VERSION = 1.0;
				PRODUCT_BUNDLE_IDENTIFIER = com.pavanpowani.HeroLoaderiOSUITests;
				PRODUCT_NAME = "$(TARGET_NAME)";
				SWIFT_EMIT_LOC_STRINGS = NO;
				SWIFT_VERSION = 5.0;
				TARGETED_DEVICE_FAMILY = "1,2";
				TEST_TARGET_NAME = HeroLoaderiOS;
			};
			name = Release;
		};
		27DC77A028044EAD002089BB /* Debug */ = {
			isa = XCBuildConfiguration;
			buildSettings = {
				CLANG_ENABLE_MODULES = YES;
				CODE_SIGN_STYLE = Automatic;
				COMBINE_HIDPI_IMAGES = YES;
				CURRENT_PROJECT_VERSION = 1;
				DEFINES_MODULE = YES;
				DEVELOPMENT_TEAM = VL7L7BNB3W;
				DYLIB_COMPATIBILITY_VERSION = 1;
				DYLIB_CURRENT_VERSION = 1;
				DYLIB_INSTALL_NAME_BASE = "@rpath";
				GENERATE_INFOPLIST_FILE = YES;
				INFOPLIST_KEY_NSHumanReadableCopyright = "";
				INSTALL_PATH = "$(LOCAL_LIBRARY_DIR)/Frameworks";
				LD_RUNPATH_SEARCH_PATHS = (
					"$(inherited)",
					"@executable_path/../Frameworks",
					"@loader_path/Frameworks",
				);
				MACOSX_DEPLOYMENT_TARGET = 12.2;
				MARKETING_VERSION = 1.0;
				PRODUCT_BUNDLE_IDENTIFIER = com.pavanpowani.HeroLoader;
				PRODUCT_NAME = "$(TARGET_NAME:c99extidentifier)";
				SDKROOT = macosx;
				SKIP_INSTALL = YES;
				SWIFT_EMIT_LOC_STRINGS = YES;
				SWIFT_OPTIMIZATION_LEVEL = "-Onone";
				SWIFT_VERSION = 5.0;
				VERSIONING_SYSTEM = "apple-generic";
				VERSION_INFO_PREFIX = "";
			};
			name = Debug;
		};
		27DC77A128044EAD002089BB /* Release */ = {
			isa = XCBuildConfiguration;
			buildSettings = {
				CLANG_ENABLE_MODULES = YES;
				CODE_SIGN_STYLE = Automatic;
				COMBINE_HIDPI_IMAGES = YES;
				CURRENT_PROJECT_VERSION = 1;
				DEFINES_MODULE = YES;
				DEVELOPMENT_TEAM = VL7L7BNB3W;
				DYLIB_COMPATIBILITY_VERSION = 1;
				DYLIB_CURRENT_VERSION = 1;
				DYLIB_INSTALL_NAME_BASE = "@rpath";
				GENERATE_INFOPLIST_FILE = YES;
				INFOPLIST_KEY_NSHumanReadableCopyright = "";
				INSTALL_PATH = "$(LOCAL_LIBRARY_DIR)/Frameworks";
				LD_RUNPATH_SEARCH_PATHS = (
					"$(inherited)",
					"@executable_path/../Frameworks",
					"@loader_path/Frameworks",
				);
				MACOSX_DEPLOYMENT_TARGET = 12.2;
				MARKETING_VERSION = 1.0;
				PRODUCT_BUNDLE_IDENTIFIER = com.pavanpowani.HeroLoader;
				PRODUCT_NAME = "$(TARGET_NAME:c99extidentifier)";
				SDKROOT = macosx;
				SKIP_INSTALL = YES;
				SWIFT_EMIT_LOC_STRINGS = YES;
				SWIFT_VERSION = 5.0;
				VERSIONING_SYSTEM = "apple-generic";
				VERSION_INFO_PREFIX = "";
			};
			name = Release;
		};
		27DC77A328044EAD002089BB /* Debug */ = {
			isa = XCBuildConfiguration;
			buildSettings = {
				ALWAYS_EMBED_SWIFT_STANDARD_LIBRARIES = YES;
				CODE_SIGN_STYLE = Automatic;
				CURRENT_PROJECT_VERSION = 1;
				DEVELOPMENT_TEAM = VL7L7BNB3W;
				GENERATE_INFOPLIST_FILE = YES;
				MACOSX_DEPLOYMENT_TARGET = 12.2;
				MARKETING_VERSION = 1.0;
				PRODUCT_BUNDLE_IDENTIFIER = com.pavanpowani.HeroLoaderTests;
				PRODUCT_NAME = "$(TARGET_NAME)";
				SDKROOT = macosx;
				SWIFT_EMIT_LOC_STRINGS = NO;
				SWIFT_VERSION = 5.0;
			};
			name = Debug;
		};
		27DC77A428044EAD002089BB /* Release */ = {
			isa = XCBuildConfiguration;
			buildSettings = {
				ALWAYS_EMBED_SWIFT_STANDARD_LIBRARIES = YES;
				CODE_SIGN_STYLE = Automatic;
				CURRENT_PROJECT_VERSION = 1;
				DEVELOPMENT_TEAM = VL7L7BNB3W;
				GENERATE_INFOPLIST_FILE = YES;
				MACOSX_DEPLOYMENT_TARGET = 12.2;
				MARKETING_VERSION = 1.0;
				PRODUCT_BUNDLE_IDENTIFIER = com.pavanpowani.HeroLoaderTests;
				PRODUCT_NAME = "$(TARGET_NAME)";
				SDKROOT = macosx;
				SWIFT_EMIT_LOC_STRINGS = NO;
				SWIFT_VERSION = 5.0;
			};
			name = Release;
		};
/* End XCBuildConfiguration section */

/* Begin XCConfigurationList section */
		27DC774D28044E14002089BB /* Build configuration list for PBXProject "HeroLoaderiOS" */ = {
			isa = XCConfigurationList;
			buildConfigurations = (
				27DC777A28044E16002089BB /* Debug */,
				27DC777B28044E16002089BB /* Release */,
			);
			defaultConfigurationIsVisible = 0;
			defaultConfigurationName = Release;
		};
		27DC777C28044E16002089BB /* Build configuration list for PBXNativeTarget "HeroLoaderiOS" */ = {
			isa = XCConfigurationList;
			buildConfigurations = (
				27DC777D28044E16002089BB /* Debug */,
				27DC777E28044E16002089BB /* Release */,
			);
			defaultConfigurationIsVisible = 0;
			defaultConfigurationName = Release;
		};
		27DC777F28044E16002089BB /* Build configuration list for PBXNativeTarget "HeroLoaderiOSTests" */ = {
			isa = XCConfigurationList;
			buildConfigurations = (
				27DC778028044E16002089BB /* Debug */,
				27DC778128044E16002089BB /* Release */,
			);
			defaultConfigurationIsVisible = 0;
			defaultConfigurationName = Release;
		};
		27DC778228044E16002089BB /* Build configuration list for PBXNativeTarget "HeroLoaderiOSUITests" */ = {
			isa = XCConfigurationList;
			buildConfigurations = (
				27DC778328044E16002089BB /* Debug */,
				27DC778428044E16002089BB /* Release */,
			);
			defaultConfigurationIsVisible = 0;
			defaultConfigurationName = Release;
		};
		27DC779F28044EAD002089BB /* Build configuration list for PBXNativeTarget "HeroLoader" */ = {
			isa = XCConfigurationList;
			buildConfigurations = (
				27DC77A028044EAD002089BB /* Debug */,
				27DC77A128044EAD002089BB /* Release */,
			);
			defaultConfigurationIsVisible = 0;
			defaultConfigurationName = Release;
		};
		27DC77A228044EAD002089BB /* Build configuration list for PBXNativeTarget "HeroLoaderTests" */ = {
			isa = XCConfigurationList;
			buildConfigurations = (
				27DC77A328044EAD002089BB /* Debug */,
				27DC77A428044EAD002089BB /* Release */,
			);
			defaultConfigurationIsVisible = 0;
			defaultConfigurationName = Release;
		};
/* End XCConfigurationList section */
	};
	rootObject = 27DC774A28044E14002089BB /* Project object */;
}
